
Microsoft Visual Studio Solution File, Format Version 12.00
# Visual Studio Version 16
VisualStudioVersion = 16.0.29709.97
MinimumVisualStudioVersion = 10.0.40219.1
Project("{FAE04EC0-301F-11D3-BF4B-00C04F79EFBC}") = "BLL", "BLL\BLL.csproj", "{CFA96084-C4EA-4088-AA82-40BF4E77BA5B}"
EndProject
Project("{FAE04EC0-301F-11D3-BF4B-00C04F79EFBC}") = "MVC", "MVC\MVC.csproj", "{7A24A366-CB36-4A21-B002-2BB703881AE2}"
EndProject
Project("{FAE04EC0-301F-11D3-BF4B-00C04F79EFBC}") = "MVC.Tests", "MVC.Tests\MVC.Tests.csproj", "{079EDBE4-137C-460E-B694-DFEE68EAEED1}"
EndProject
Project("{FAE04EC0-301F-11D3-BF4B-00C04F79EFBC}") = "DAL", "DAL\DAL.csproj", "{35AE1F31-2201-43FD-A8E8-5909D4B49BB6}"
EndProject
Project("{FAE04EC0-301F-11D3-BF4B-00C04F79EFBC}") = "Padron", "Padron\Padron.csproj", "{05D72F0E-A83D-40B5-8B42-4593D963E662}"
EndProject
Project("{FAE04EC0-301F-11D3-BF4B-00C04F79EFBC}") = "API", "API\API.csproj", "{3C0F00AB-4553-4DEC-A9E5-C92D37A13B6A}"
EndProject
Project("{FAE04EC0-301F-11D3-BF4B-00C04F79EFBC}") = "API.Tests", "API.Tests\API.Tests.csproj", "{2098DD56-1D64-4DFB-AF38-F3602D436F8A}"
EndProject
Project("{FAE04EC0-301F-11D3-BF4B-00C04F79EFBC}") = "SessionTest", "SessinTest\SessionTest.csproj", "{4D4C2514-9780-485B-A54A-22F1F33B5F10}"
EndProject
Global
	GlobalSection(SolutionConfigurationPlatforms) = preSolution
		Debug|Any CPU = Debug|Any CPU
		Release|Any CPU = Release|Any CPU
	EndGlobalSection
	GlobalSection(ProjectConfigurationPlatforms) = postSolution
		{CFA96084-C4EA-4088-AA82-40BF4E77BA5B}.Debug|Any CPU.ActiveCfg = Debug|Any CPU
		{CFA96084-C4EA-4088-AA82-40BF4E77BA5B}.Debug|Any CPU.Build.0 = Debug|Any CPU
		{CFA96084-C4EA-4088-AA82-40BF4E77BA5B}.Release|Any CPU.ActiveCfg = Release|Any CPU
		{CFA96084-C4EA-4088-AA82-40BF4E77BA5B}.Release|Any CPU.Build.0 = Release|Any CPU
		{7A24A366-CB36-4A21-B002-2BB703881AE2}.Debug|Any CPU.ActiveCfg = Debug|Any CPU
		{7A24A366-CB36-4A21-B002-2BB703881AE2}.Debug|Any CPU.Build.0 = Debug|Any CPU
		{7A24A366-CB36-4A21-B002-2BB703881AE2}.Release|Any CPU.ActiveCfg = Release|Any CPU
		{7A24A366-CB36-4A21-B002-2BB703881AE2}.Release|Any CPU.Build.0 = Release|Any CPU
		{079EDBE4-137C-460E-B694-DFEE68EAEED1}.Debug|Any CPU.ActiveCfg = Debug|Any CPU
		{079EDBE4-137C-460E-B694-DFEE68EAEED1}.Debug|Any CPU.Build.0 = Debug|Any CPU
		{079EDBE4-137C-460E-B694-DFEE68EAEED1}.Release|Any CPU.ActiveCfg = Release|Any CPU
		{079EDBE4-137C-460E-B694-DFEE68EAEED1}.Release|Any CPU.Build.0 = Release|Any CPU
		{35AE1F31-2201-43FD-A8E8-5909D4B49BB6}.Debug|Any CPU.ActiveCfg = Debug|Any CPU
		{35AE1F31-2201-43FD-A8E8-5909D4B49BB6}.Debug|Any CPU.Build.0 = Debug|Any CPU
		{35AE1F31-2201-43FD-A8E8-5909D4B49BB6}.Release|Any CPU.ActiveCfg = Release|Any CPU
		{35AE1F31-2201-43FD-A8E8-5909D4B49BB6}.Release|Any CPU.Build.0 = Release|Any CPU
		{05D72F0E-A83D-40B5-8B42-4593D963E662}.Debug|Any CPU.ActiveCfg = Debug|Any CPU
		{05D72F0E-A83D-40B5-8B42-4593D963E662}.Debug|Any CPU.Build.0 = Debug|Any CPU
		{05D72F0E-A83D-40B5-8B42-4593D963E662}.Release|Any CPU.ActiveCfg = Release|Any CPU
		{05D72F0E-A83D-40B5-8B42-4593D963E662}.Release|Any CPU.Build.0 = Release|Any CPU
		{3C0F00AB-4553-4DEC-A9E5-C92D37A13B6A}.Debug|Any CPU.ActiveCfg = Debug|Any CPU
		{3C0F00AB-4553-4DEC-A9E5-C92D37A13B6A}.Debug|Any CPU.Build.0 = Debug|Any CPU
		{3C0F00AB-4553-4DEC-A9E5-C92D37A13B6A}.Release|Any CPU.ActiveCfg = Release|Any CPU
		{3C0F00AB-4553-4DEC-A9E5-C92D37A13B6A}.Release|Any CPU.Build.0 = Release|Any CPU
		{2098DD56-1D64-4DFB-AF38-F3602D436F8A}.Debug|Any CPU.ActiveCfg = Debug|Any CPU
		{2098DD56-1D64-4DFB-AF38-F3602D436F8A}.Debug|Any CPU.Build.0 = Debug|Any CPU
		{2098DD56-1D64-4DFB-AF38-F3602D436F8A}.Release|Any CPU.ActiveCfg = Release|Any CPU
		{2098DD56-1D64-4DFB-AF38-F3602D436F8A}.Release|Any CPU.Build.0 = Release|Any CPU
		{4D4C2514-9780-485B-A54A-22F1F33B5F10}.Debug|Any CPU.ActiveCfg = Debug|Any CPU
		{4D4C2514-9780-485B-A54A-22F1F33B5F10}.Debug|Any CPU.Build.0 = Debug|Any CPU
		{4D4C2514-9780-485B-A54A-22F1F33B5F10}.Release|Any CPU.ActiveCfg = Release|Any CPU
		{4D4C2514-9780-485B-A54A-22F1F33B5F10}.Release|Any CPU.Build.0 = Release|Any CPU
	EndGlobalSection
	GlobalSection(SolutionProperties) = preSolution
		HideSolutionNode = FALSE
	EndGlobalSection
	GlobalSection(ExtensibilityGlobals) = postSolution
		SolutionGuid = {DF0B7EBA-DBF3-409A-B74F-B32A89A3895B}
	EndGlobalSection
EndGlobal
